# THIS IS AN AUTOGENERATED FILE. DO NOT EDIT THIS FILE DIRECTLY.
# yarn lockfile v1


json-minify@^1.0.0:
  version "1.0.0"
  resolved "https://registry.npm.taobao.org/json-minify/download/json-minify-1.0.0.tgz#4397e76f19688983352fcfbd5e2e5243fc0a07c8"
  integrity sha1-Q5fnbxloiYM1L8+9Xi5SQ/wKB8g=

prettier@^2.2.0:
  version "2.2.1"
  resolved "https://registry.npm.taobao.org/prettier/download/prettier-2.2.1.tgz#795a1a78dd52f073da0cd42b21f9c91381923ff5"
  integrity sha1-eVoaeN1S8HPaDNQrIfnJE4GSP/U=
